{
  "originHash" : "6955c719c1ba62fcd42298bc071fe7522fe29ac92ebd9f76ba8e7e50a1526a52",
  "pins" : [
    {
      "identity" : "sqlite.swift",
      "kind" : "remoteSourceControl",
      "location" : "https://github.com/stephencelis/SQLite.swift.git",
      "state" : {
        "revision" : "a95fc6df17d108bd99210db5e8a9bac90fe984b8",
        "version" : "0.15.3"
      }
    },
    {
      "identity" : "sqlitesyntax",
      "kind" : "remoteSourceControl",
      "location" : "https://github.com/davedelong/SQLiteSyntax.git",
      "state" : {
        "branch" : "main",
        "revision" : "133a38c6595e50d96bff354a17246c3a8ec6efac"
      }
    }
  ],
  "version" : 3
}
